
Microsoft Visual Studio Solution File, Format Version 12.00
# Visual Studio Version 17
VisualStudioVersion = 17.5.2.0
MinimumVisualStudioVersion = 10.0.40219.1
Project("{FAE04EC0-301F-11D3-BF4B-00C04F79EFBC}") = "BankingSystem", "BankingSystem\BankingSystem.csproj", "{191C6CD7-760F-FA5B-48E0-D59B0875DBC1}"
EndProject
Project("{FAE04EC0-301F-11D3-BF4B-00C04F79EFBC}") = "BankingSystemTest", "BankingSystemTest\BankingSystemTest.csproj", "{1DD377E7-A7BA-4CEB-8525-518256614E9C}"
EndProject
Global
	GlobalSection(SolutionConfigurationPlatforms) = preSolution
		Debug|Any CPU = Debug|Any CPU
		Debug|x64 = Debug|x64
		Debug|x86 = Debug|x86
		Release|Any CPU = Release|Any CPU
		Release|x64 = Release|x64
		Release|x86 = Release|x86
	EndGlobalSection
	GlobalSection(ProjectConfigurationPlatforms) = postSolution
		{191C6CD7-760F-FA5B-48E0-D59B0875DBC1}.Debug|Any CPU.ActiveCfg = Debug|Any CPU
		{191C6CD7-760F-FA5B-48E0-D59B0875DBC1}.Debug|Any CPU.Build.0 = Debug|Any CPU
		{191C6CD7-760F-FA5B-48E0-D59B0875DBC1}.Debug|x64.ActiveCfg = Debug|Any CPU
		{191C6CD7-760F-FA5B-48E0-D59B0875DBC1}.Debug|x64.Build.0 = Debug|Any CPU
		{191C6CD7-760F-FA5B-48E0-D59B0875DBC1}.Debug|x86.ActiveCfg = Debug|Any CPU
		{191C6CD7-760F-FA5B-48E0-D59B0875DBC1}.Debug|x86.Build.0 = Debug|Any CPU
		{191C6CD7-760F-FA5B-48E0-D59B0875DBC1}.Release|Any CPU.ActiveCfg = Release|Any CPU
		{191C6CD7-760F-FA5B-48E0-D59B0875DBC1}.Release|Any CPU.Build.0 = Release|Any CPU
		{191C6CD7-760F-FA5B-48E0-D59B0875DBC1}.Release|x64.ActiveCfg = Release|Any CPU
		{191C6CD7-760F-FA5B-48E0-D59B0875DBC1}.Release|x64.Build.0 = Release|Any CPU
		{191C6CD7-760F-FA5B-48E0-D59B0875DBC1}.Release|x86.ActiveCfg = Release|Any CPU
		{191C6CD7-760F-FA5B-48E0-D59B0875DBC1}.Release|x86.Build.0 = Release|Any CPU
		{1DD377E7-A7BA-4CEB-8525-518256614E9C}.Debug|Any CPU.ActiveCfg = Debug|Any CPU
		{1DD377E7-A7BA-4CEB-8525-518256614E9C}.Debug|Any CPU.Build.0 = Debug|Any CPU
		{1DD377E7-A7BA-4CEB-8525-518256614E9C}.Debug|x64.ActiveCfg = Debug|Any CPU
		{1DD377E7-A7BA-4CEB-8525-518256614E9C}.Debug|x64.Build.0 = Debug|Any CPU
		{1DD377E7-A7BA-4CEB-8525-518256614E9C}.Debug|x86.ActiveCfg = Debug|Any CPU
		{1DD377E7-A7BA-4CEB-8525-518256614E9C}.Debug|x86.Build.0 = Debug|Any CPU
		{1DD377E7-A7BA-4CEB-8525-518256614E9C}.Release|Any CPU.ActiveCfg = Release|Any CPU
		{1DD377E7-A7BA-4CEB-8525-518256614E9C}.Release|Any CPU.Build.0 = Release|Any CPU
		{1DD377E7-A7BA-4CEB-8525-518256614E9C}.Release|x64.ActiveCfg = Release|Any CPU
		{1DD377E7-A7BA-4CEB-8525-518256614E9C}.Release|x64.Build.0 = Release|Any CPU
		{1DD377E7-A7BA-4CEB-8525-518256614E9C}.Release|x86.ActiveCfg = Release|Any CPU
		{1DD377E7-A7BA-4CEB-8525-518256614E9C}.Release|x86.Build.0 = Release|Any CPU
	EndGlobalSection
	GlobalSection(SolutionProperties) = preSolution
		HideSolutionNode = FALSE
	EndGlobalSection
	GlobalSection(ExtensibilityGlobals) = postSolution
		SolutionGuid = {39BF4D9E-483C-4426-B4EE-711B6FA2CDA2}
	EndGlobalSection
EndGlobal
